<?xml version="1.0" encoding="utf-8"?>
<Project ToolsVersion="4.0" xmlns="http://schemas.microsoft.com/developer/msbuild/2003">
  <ItemGroup>
    <Filter Include="Source Files">
      <UniqueIdentifier>{4FC737F1-C7A5-4376-A066-2A32D752A2FF}</UniqueIdentifier>
      <Extensions>cpp;c;cc;cxx;def;odl;idl;hpj;bat;asm;asmx</Extensions>
    </Filter>
    <Filter Include="Header Files">
      <UniqueIdentifier>{93995380-89BD-4b04-88EB-625FBE52EBFB}</UniqueIdentifier>
      <Extensions>h;hh;hpp;hxx;hm;inl;inc;xsd</Extensions>
    </Filter>
    <Filter Include="Resource Files">
      <UniqueIdentifier>{67DA6AB6-F800-4c08-8B7A-83BB121AAD01}</UniqueIdentifier>
      <Extensions>rc;ico;cur;bmp;dlg;rc2;rct;bin;rgs;gif;jpg;jpeg;jpe;resx;tiff;tif;png;wav;mfcribbon-ms</Extensions>
    </Filter>
  </ItemGroup>
  <ItemGroup>
    <ClInclude Include="FileUtil.hpp">
      <Filter>Header Files</Filter>
    </ClInclude>
    <ClInclude Include="CsvIO.hpp">
      <Filter>Header Files</Filter>
    </ClInclude>
    <ClInclude Include="Exception.hpp">
      <Filter>Header Files</Filter>
    </ClInclude>
    <ClInclude Include="Signature.hpp">
      <Filter>Header Files</Filter>
    </ClInclude>
    <ClInclude Include="SignatureHit.hpp">
      <Filter>Header Files</Filter>
    </ClInclude>
    <ClInclude Include="SignatureMatch.hpp">
      <Filter>Header Files</Filter>
    </ClInclude>
    <ClInclude Include="Util.hpp">
      <Filter>Header Files</Filter>
    </ClInclude>
    <ClInclude Include="Args.hpp">
      <Filter>Header Files</Filter>
    </ClInclude>
    <ClInclude Include="Delegates.hpp">
      <Filter>Header Files</Filter>
    </ClInclude>
    <ClInclude Include="Assert.hpp">
      <Filter>Header Files</Filter>
    </ClInclude>
    <ClInclude Include="TestFramework.h">
      <Filter>Header Files</Filter>
    </ClInclude>
    <ClInclude Include="KmerSequenceRanker_Params.hpp">
      <Filter>Header Files</Filter>
    </ClInclude>
    <ClInclude Include="FragmentAggregationMode.hpp">
      <Filter>Header Files</Filter>
    </ClInclude>
    <ClInclude Include="EnumBase.hpp">
      <Filter>Header Files</Filter>
    </ClInclude>
    <ClInclude Include="DistanceType.hpp">
      <Filter>Header Files</Filter>
    </ClInclude>
    <ClInclude Include="IArrayParser.hpp">
      <Filter>Header Files</Filter>
    </ClInclude>
    <ClInclude Include="Ranking.hpp">
      <Filter>Header Files</Filter>
    </ClInclude>
    <ClInclude Include="FastaSequence.hpp">
      <Filter>Header Files</Filter>
    </ClInclude>
    <ClInclude Include="String.hpp">
      <Filter>Header Files</Filter>
    </ClInclude>
    <ClInclude Include="QutBio.h">
      <Filter>Header Files</Filter>
    </ClInclude>
    <ClInclude Include="Alphabet.hpp">
      <Filter>Header Files</Filter>
    </ClInclude>
    <ClInclude Include="SimilarityMatrix.hpp">
      <Filter>Header Files</Filter>
    </ClInclude>
    <ClInclude Include="Types.hpp">
      <Filter>Header Files</Filter>
    </ClInclude>
    <ClInclude Include="LookupTable.hpp">
      <Filter>Header Files</Filter>
    </ClInclude>
    <ClInclude Include="PointerList.hpp">
      <Filter>Header Files</Filter>
    </ClInclude>
    <ClInclude Include="Console.hpp">
      <Filter>Header Files</Filter>
    </ClInclude>
    <ClInclude Include="Nullable.hpp.obsolete">
      <Filter>Header Files</Filter>
    </ClInclude>
    <ClInclude Include="AveragePrecision.hpp">
      <Filter>Header Files</Filter>
    </ClInclude>
    <ClInclude Include="KmerSequenceRanker.hpp">
      <Filter>Header Files</Filter>
    </ClInclude>
    <ClInclude Include="Array.hpp">
      <Filter>Header Files</Filter>
    </ClInclude>
    <ClInclude Include="Fragment.hpp">
      <Filter>Header Files</Filter>
    </ClInclude>
    <ClInclude Include="EncodedKmer.hpp">
      <Filter>Header Files</Filter>
    </ClInclude>
    <ClInclude Include="Histogram.hpp">
      <Filter>Header Files</Filter>
    </ClInclude>
    <ClInclude Include="DiscreteDistribution.hpp">
      <Filter>Header Files</Filter>
    </ClInclude>
    <ClInclude Include="KmerDistributions.hpp">
      <Filter>Header Files</Filter>
    </ClInclude>
    <ClInclude Include="JohnCook.h">
      <Filter>Header Files</Filter>
    </ClInclude>
    <ClInclude Include="Distribution.hpp">
      <Filter>Header Files</Filter>
    </ClInclude>
    <ClInclude Include="Constants.h">
      <Filter>Header Files</Filter>
    </ClInclude>
    <ClInclude Include="PrecisionRecallRecord.hpp">
      <Filter>Header Files</Filter>
    </ClInclude>
    <ClInclude Include="GMM1D.hpp">
      <Filter>Header Files</Filter>
    </ClInclude>
    <ClInclude Include="KmerDistanceCalculator.hpp">
      <Filter>Header Files</Filter>
    </ClInclude>
    <ClInclude Include="NormalDistribution.hpp">
      <Filter>Header Files</Filter>
    </ClInclude>
    <ClInclude Include="Selector.hpp">
      <Filter>Header Files</Filter>
    </ClInclude>
    <ClInclude Include="KmerDistanceCache.hpp">
      <Filter>Header Files</Filter>
    </ClInclude>
    <ClInclude Include="FreeList.hpp">
      <Filter>Header Files</Filter>
    </ClInclude>
    <ClInclude Include="HausdorffCalculator.hpp">
      <Filter>Header Files</Filter>
    </ClInclude>
    <ClInclude Include="HBRandom.hpp">
      <Filter>Header Files</Filter>
    </ClInclude>
    <ClInclude Include="Homologs.hpp">
      <Filter>Header Files</Filter>
    </ClInclude>
    <ClInclude Include="IntegerDistribution.hpp">
      <Filter>Header Files</Filter>
    </ClInclude>
    <ClInclude Include="Kmer.hpp">
      <Filter>Header Files</Filter>
    </ClInclude>
    <ClInclude Include="KmerCodebook.hpp">
      <Filter>Header Files</Filter>
    </ClInclude>
    <ClInclude Include="KmerDistanceCalculator_AMP.hpp">
      <Filter>Header Files</Filter>
    </ClInclude>
    <ClInclude Include="KmerDistanceCalculator_Projector.hpp">
      <Filter>Header Files</Filter>
    </ClInclude>
    <ClInclude Include="KmerSequenceRanker_Projector.hpp">
      <Filter>Header Files</Filter>
    </ClInclude>
    <ClInclude Include="OpenHausdorff.hpp">
      <Filter>Header Files</Filter>
    </ClInclude>
    <ClInclude Include="ParallelMerge.hpp">
      <Filter>Header Files</Filter>
    </ClInclude>
    <ClInclude Include="Projector.hpp">
      <Filter>Header Files</Filter>
    </ClInclude>
    <ClInclude Include="ProjectorAMP.hpp">
      <Filter>Header Files</Filter>
    </ClInclude>
    <ClInclude Include="ProjectorBitEmbedding.hpp">
      <Filter>Header Files</Filter>
    </ClInclude>
    <ClInclude Include="ProjectorSlice.hpp">
      <Filter>Header Files</Filter>
    </ClInclude>
    <ClInclude Include="SequenceDistanceFunction.hpp">
      <Filter>Header Files</Filter>
    </ClInclude>
    <ClInclude Include="TrecEvalRecord.hpp">
      <Filter>Header Files</Filter>
    </ClInclude>
    <ClInclude Include="DiagonalGenerator.hpp">
      <Filter>Header Files</Filter>
    </ClInclude>
    <ClInclude Include="BestHitDetector.hpp">
      <Filter>Header Files</Filter>
    </ClInclude>
    <ClInclude Include="CharMap.hpp">
      <Filter>Header Files</Filter>
    </ClInclude>
    <ClInclude Include="FragDistProcessor.hpp">
      <Filter>Header Files</Filter>
    </ClInclude>
    <ClInclude Include="KmerClusterAL.hpp">
      <Filter>Header Files</Filter>
    </ClInclude>
  </ItemGroup>
  <ItemGroup>
    <None Include="Update-all-h.bash" />
  </ItemGroup>
  <ItemGroup>
    <ClCompile Include="UnitTests.cpp">
      <Filter>Source Files</Filter>
    </ClCompile>
  </ItemGroup>
</Project>